{
  "name": "docpad-testsite",
  "version": "0.1.0",
  "lockfileVersion": 1,
  "requires": true,
  "dependencies": {
    "coffee-script": {
      "version": "1.12.7",
      "resolved": "https://registry.npmjs.org/coffee-script/-/coffee-script-1.12.7.tgz",
      "integrity": "sha512-fLeEhqwymYat/MpTPUjSKHVYYl0ec2mOyALEMLmzr5i1isuG+6jfI2j2d5oBO3VIzgUXgBVIcOT9uH1TFxBckw=="
    },
    "coffeecup": {
      "version": "0.3.21",
      "resolved": "https://registry.npmjs.org/coffeecup/-/coffeecup-0.3.21.tgz",
      "integrity": "sha1-VOcUF1yyI93RBWhRcZbgzVZtGYo=",
      "requires": {
        "coffee-script": ">=1.3 <2",
        "optparse": "1.0.3",
        "stylus": "0.27.2",
        "uglify-js": "1.2.6"
      }
    },
    "cssom": {
      "version": "0.2.5",
      "resolved": "https://registry.npmjs.org/cssom/-/cssom-0.2.5.tgz",
      "integrity": "sha1-JoJwm1kC5yEt9SkRb/eIzVslSJQ="
    },
    "debug": {
      "version": "3.1.0",
      "resolved": "https://registry.npmjs.org/debug/-/debug-3.1.0.tgz",
      "integrity": "sha512-OX8XqP7/1a9cqkxYw2yXss15f26NKWBpDXQd0/uK/KPqdQhxbPa994hnzjcE2VqQpDslf55723cKPUOGSmMY3g==",
      "requires": {
        "ms": "2.0.0"
      }
    },
    "docpad-plugin-coffeekup": {
      "version": "2.5.0",
      "resolved": "https://registry.npmjs.org/docpad-plugin-coffeekup/-/docpad-plugin-coffeekup-2.5.0.tgz",
      "integrity": "sha512-iOpCfS8zjQtdHjnEZ5G1TsRJNPxKW1o14Ni5rj+8t0rL+19imJMgjEgGPEWC2YD/L5Zc5wxZRv5SanDRRp2cxw==",
      "requires": {
        "coffeecup": "~0.3.21",
        "editions": "^1.3.4",
        "extendr": "^3.2.2"
      }
    },
    "docpad-plugin-eco": {
      "version": "2.3.0",
      "resolved": "https://registry.npmjs.org/docpad-plugin-eco/-/docpad-plugin-eco-2.3.0.tgz",
      "integrity": "sha512-+5hhcnYLNX3zOeDu7ulE4AT89wJ8s7eOYP1WuDD52ioJJLTbi0g97B3Ho8t0O/qHeQdIveea+Hf91kVUZtCN+A==",
      "requires": {
        "eco": "~1.1.0-rc-3",
        "editions": "^1.3.4"
      }
    },
    "docpad-plugin-marked": {
      "version": "2.5.0",
      "resolved": "https://registry.npmjs.org/docpad-plugin-marked/-/docpad-plugin-marked-2.5.0.tgz",
      "integrity": "sha512-NmhB/XkVU28CmQYgCyeVhQcgVXx8GWrl2Sj1ZKZFTC8XZCO2BeZtqTU6LPaknJeKc3nAkt/viht3K6P6RONC3g==",
      "requires": {
        "editions": "^1.3.4",
        "marked": "~0.4.0"
      }
    },
    "eco": {
      "version": "1.1.0-rc-3",
      "resolved": "https://registry.npmjs.org/eco/-/eco-1.1.0-rc-3.tgz",
      "integrity": "sha1-dCoyxGFa9wWrPppGts5cFtvFcmI=",
      "requires": {
        "coffee-script": ">=1.2.0",
        "strscan": ">=1.0.1"
      }
    },
    "editions": {
      "version": "1.3.4",
      "resolved": "https://registry.npmjs.org/editions/-/editions-1.3.4.tgz",
      "integrity": "sha512-gzao+mxnYDzIysXKMQi/+M1mjy/rjestjg6OPoYTtI+3Izp23oiGZitsl9lPDPiTGXbcSIk1iJWhliSaglxnUg=="
    },
    "extendr": {
      "version": "3.3.0",
      "resolved": "https://registry.npmjs.org/extendr/-/extendr-3.3.0.tgz",
      "integrity": "sha512-BmBSu+KOX2XOo3XMECiekGY8VAr3O4aGYgOaHQDNg2ez5rOYW+SDfNStao4VNzr+6N27Vw3A7HJKJMrHmAAXvQ==",
      "requires": {
        "editions": "^1.3.3",
        "typechecker": "^4.4.1"
      }
    },
    "marked": {
      "version": "0.4.0",
      "resolved": "https://registry.npmjs.org/marked/-/marked-0.4.0.tgz",
      "integrity": "sha512-tMsdNBgOsrUophCAFQl0XPe6Zqk/uy9gnue+jIIKhykO51hxyu6uNx7zBPy0+y/WKYVZZMspV9YeXLNdKk+iYw=="
    },
    "mkdirp": {
      "version": "0.3.5",
      "resolved": "http://registry.npmjs.org/mkdirp/-/mkdirp-0.3.5.tgz",
      "integrity": "sha1-3j5fiWHIjHh+4TaN+EmsRBPsqNc="
    },
    "ms": {
      "version": "2.0.0",
      "resolved": "https://registry.npmjs.org/ms/-/ms-2.0.0.tgz",
      "integrity": "sha1-VgiurfwAvmwpAd9fmGF4jeDVl8g="
    },
    "optparse": {
      "version": "1.0.3",
      "resolved": "https://registry.npmjs.org/optparse/-/optparse-1.0.3.tgz",
      "integrity": "sha1-L/SaPWkbkLC5ob6RF/KSNz6xvWY="
    },
    "strscan": {
      "version": "1.0.1",
      "resolved": "https://registry.npmjs.org/strscan/-/strscan-1.0.1.tgz",
      "integrity": "sha1-Ry2bwAxo6QbvL8Is33Yr58YazE0="
    },
    "stylus": {
      "version": "0.27.2",
      "resolved": "https://registry.npmjs.org/stylus/-/stylus-0.27.2.tgz",
      "integrity": "sha1-ESH3+M0VKw+KSqaiSpreoQyCURc=",
      "requires": {
        "cssom": "0.2.x",
        "debug": "*",
        "mkdirp": "0.3.x"
      }
    },
    "typechecker": {
      "version": "4.5.0",
      "resolved": "https://registry.npmjs.org/typechecker/-/typechecker-4.5.0.tgz",
      "integrity": "sha512-bqPE/ck3bVIaXP7gMKTKSHrypT32lpYTpiqzPYeYzdSQnmaGvaGhy7TnN/M/+5R+2rs/kKcp9ZLPRp/Q9Yj+4w==",
      "requires": {
        "editions": "^1.3.4"
      }
    },
    "uglify-js": {
      "version": "1.2.6",
      "resolved": "http://registry.npmjs.org/uglify-js/-/uglify-js-1.2.6.tgz",
      "integrity": "sha1-01Sy08HPEOvBj6eMEaKL3ZzhWA0="
    }
  }
}
